
Microsoft Visual Studio Solution File, Format Version 12.00
# Visual Studio Version 17
VisualStudioVersion = 17.9.34728.123
MinimumVisualStudioVersion = 10.0.40219.1
Project("{FAE04EC0-301F-11D3-BF4B-00C04F79EFBC}") = "Electric", "airconditioner\Electric.csproj", "{46D6F699-0BD9-4496-8699-0BEF8E2C97CA}"
EndProject
Global
	GlobalSection(SolutionConfigurationPlatforms) = preSolution
		Debug|Any CPU = Debug|Any CPU
		Release|Any CPU = Release|Any CPU
	EndGlobalSection
	GlobalSection(ProjectConfigurationPlatforms) = postSolution
		{46D6F699-0BD9-4496-8699-0BEF8E2C97CA}.Debug|Any CPU.ActiveCfg = Debug|Any CPU
		{46D6F699-0BD9-4496-8699-0BEF8E2C97CA}.Debug|Any CPU.Build.0 = Debug|Any CPU
		{46D6F699-0BD9-4496-8699-0BEF8E2C97CA}.Release|Any CPU.ActiveCfg = Release|Any CPU
		{46D6F699-0BD9-4496-8699-0BEF8E2C97CA}.Release|Any CPU.Build.0 = Release|Any CPU
	EndGlobalSection
	GlobalSection(SolutionProperties) = preSolution
		HideSolutionNode = FALSE
	EndGlobalSection
	GlobalSection(ExtensibilityGlobals) = postSolution
		SolutionGuid = {3CD5224D-6264-4C01-9D82-256558FC5958}
	EndGlobalSection
EndGlobal
